// !$*UTF8*$!
{
	archiveVersion = 1;
	classes = {
	};
	objectVersion = 51;
	objects = {

/* Begin PBXBuildFile section */
		13FFC1D09E7459D92581E363 /* Pods_wheeltracker.framework in Frameworks */ = {isa = PBXBuildFile; fileRef = 8F9C3FD9214EEADFBA4A4AEE /* Pods_wheeltracker.framework */; };
		4631089C2671044400B820ED /* AlbumViewController.swift in Sources */ = {isa = PBXBuildFile; fileRef = 4631089B2671044400B820ED /* AlbumViewController.swift */; };
		4693501126719ED20028E09F /* UserProfileViewController.swift in Sources */ = {isa = PBXBuildFile; fileRef = 4693501026719ED20028E09F /* UserProfileViewController.swift */; };
		4699055A263AA85D004BCB77 /* AppDelegate.swift in Sources */ = {isa = PBXBuildFile; fileRef = 46990559263AA85D004BCB77 /* AppDelegate.swift */; };
		4699055C263AA85D004BCB77 /* SceneDelegate.swift in Sources */ = {isa = PBXBuildFile; fileRef = 4699055B263AA85D004BCB77 /* SceneDelegate.swift */; };
		4699055E263AA85D004BCB77 /* ViewController.swift in Sources */ = {isa = PBXBuildFile; fileRef = 4699055D263AA85D004BCB77 /* ViewController.swift */; };
		46990561263AA85D004BCB77 /* Main.storyboard in Resources */ = {isa = PBXBuildFile; fileRef = 4699055F263AA85D004BCB77 /* Main.storyboard */; };
		46990563263AA85D004BCB77 /* Assets.xcassets in Resources */ = {isa = PBXBuildFile; fileRef = 46990562263AA85D004BCB77 /* Assets.xcassets */; };
		46990566263AA85D004BCB77 /* LaunchScreen.storyboard in Resources */ = {isa = PBXBuildFile; fileRef = 46990564263AA85D004BCB77 /* LaunchScreen.storyboard */; };
		46990574263BF295004BCB77 /* Setting.storyboard in Resources */ = {isa = PBXBuildFile; fileRef = 46990573263BF295004BCB77 /* Setting.storyboard */; };
		46990576263BF434004BCB77 /* RecordViewController.swift in Sources */ = {isa = PBXBuildFile; fileRef = 46990575263BF434004BCB77 /* RecordViewController.swift */; };
		46990578263BF441004BCB77 /* SettingViewController.swift in Sources */ = {isa = PBXBuildFile; fileRef = 46990577263BF441004BCB77 /* SettingViewController.swift */; };
		4699057A263BF76A004BCB77 /* TabBarController.swift in Sources */ = {isa = PBXBuildFile; fileRef = 46990579263BF76A004BCB77 /* TabBarController.swift */; };
		46C119D2268C6B710065845C /* DateExtension.swift in Sources */ = {isa = PBXBuildFile; fileRef = 46C119D1268C6B710065845C /* DateExtension.swift */; };
		46C119D4268C6BBB0065845C /* PushData.swift in Sources */ = {isa = PBXBuildFile; fileRef = 46C119D3268C6BBB0065845C /* PushData.swift */; };
		46C119D6268C6C9B0065845C /* UserProfile.swift in Sources */ = {isa = PBXBuildFile; fileRef = 46C119D5268C6C9B0065845C /* UserProfile.swift */; };
		CCA75FC6263BEA7100A5985E /* Record.storyboard in Resources */ = {isa = PBXBuildFile; fileRef = CCA75FC5263BEA7000A5985E /* Record.storyboard */; };
		DD06C63E26714D6C00F9976B /* ZeroingViewController.swift in Sources */ = {isa = PBXBuildFile; fileRef = DD06C63D26714D6C00F9976B /* ZeroingViewController.swift */; };
		DD06C640267159FA00F9976B /* Event.swift in Sources */ = {isa = PBXBuildFile; fileRef = DD06C63F267159FA00F9976B /* Event.swift */; };
		DD4E422D26710CDD00DE797F /* ProfileDataStore.swift in Sources */ = {isa = PBXBuildFile; fileRef = DD4E422C26710CDD00DE797F /* ProfileDataStore.swift */; };
		DD7F92B0266B7D4A0083CAF7 /* HealthKit.framework in Frameworks */ = {isa = PBXBuildFile; fileRef = DD7F92AF266B7D4A0083CAF7 /* HealthKit.framework */; };
		DD871A622670CA6D004AD08A /* HealthkitAssistant.swift in Sources */ = {isa = PBXBuildFile; fileRef = DD871A612670CA6D004AD08A /* HealthkitAssistant.swift */; };
/* End PBXBuildFile section */

/* Begin PBXFileReference section */
		122C7227C709D593C3C6B8A9 /* Pods-wheeltracker.release.xcconfig */ = {isa = PBXFileReference; includeInIndex = 1; lastKnownFileType = text.xcconfig; name = "Pods-wheeltracker.release.xcconfig"; path = "Target Support Files/Pods-wheeltracker/Pods-wheeltracker.release.xcconfig"; sourceTree = "<group>"; };
		4631089B2671044400B820ED /* AlbumViewController.swift */ = {isa = PBXFileReference; lastKnownFileType = sourcecode.swift; name = AlbumViewController.swift; path = wheeltracker/Controller/AlbumViewController.swift; sourceTree = SOURCE_ROOT; };
		4693501026719ED20028E09F /* UserProfileViewController.swift */ = {isa = PBXFileReference; lastKnownFileType = sourcecode.swift; name = UserProfileViewController.swift; path = wheeltracker/Controller/UserProfileViewController.swift; sourceTree = SOURCE_ROOT; };
		46990556263AA85D004BCB77 /* wheeltracker.app */ = {isa = PBXFileReference; explicitFileType = wrapper.application; includeInIndex = 0; path = wheeltracker.app; sourceTree = BUILT_PRODUCTS_DIR; };
		46990559263AA85D004BCB77 /* AppDelegate.swift */ = {isa = PBXFileReference; lastKnownFileType = sourcecode.swift; path = AppDelegate.swift; sourceTree = "<group>"; };
		4699055B263AA85D004BCB77 /* SceneDelegate.swift */ = {isa = PBXFileReference; lastKnownFileType = sourcecode.swift; path = SceneDelegate.swift; sourceTree = "<group>"; };
		4699055D263AA85D004BCB77 /* ViewController.swift */ = {isa = PBXFileReference; lastKnownFileType = sourcecode.swift; path = ViewController.swift; sourceTree = "<group>"; };
		46990560263AA85D004BCB77 /* Base */ = {isa = PBXFileReference; lastKnownFileType = file.storyboard; name = Base; path = Base.lproj/Main.storyboard; sourceTree = "<group>"; };
		46990562263AA85D004BCB77 /* Assets.xcassets */ = {isa = PBXFileReference; lastKnownFileType = folder.assetcatalog; path = Assets.xcassets; sourceTree = "<group>"; };
		46990565263AA85D004BCB77 /* Base */ = {isa = PBXFileReference; lastKnownFileType = file.storyboard; name = Base; path = Base.lproj/LaunchScreen.storyboard; sourceTree = "<group>"; };
		46990567263AA85E004BCB77 /* Info.plist */ = {isa = PBXFileReference; lastKnownFileType = text.plist.xml; path = Info.plist; sourceTree = "<group>"; };
		46990573263BF295004BCB77 /* Setting.storyboard */ = {isa = PBXFileReference; lastKnownFileType = file.storyboard; path = Setting.storyboard; sourceTree = "<group>"; };
		46990575263BF434004BCB77 /* RecordViewController.swift */ = {isa = PBXFileReference; lastKnownFileType = sourcecode.swift; path = RecordViewController.swift; sourceTree = "<group>"; };
		46990577263BF441004BCB77 /* SettingViewController.swift */ = {isa = PBXFileReference; lastKnownFileType = sourcecode.swift; path = SettingViewController.swift; sourceTree = "<group>"; };
		46990579263BF76A004BCB77 /* TabBarController.swift */ = {isa = PBXFileReference; lastKnownFileType = sourcecode.swift; path = TabBarController.swift; sourceTree = "<group>"; };
		46C119D1268C6B710065845C /* DateExtension.swift */ = {isa = PBXFileReference; lastKnownFileType = sourcecode.swift; name = DateExtension.swift; path = wheelTracker/Extension/DateExtension.swift; sourceTree = SOURCE_ROOT; };
		46C119D3268C6BBB0065845C /* PushData.swift */ = {isa = PBXFileReference; lastKnownFileType = sourcecode.swift; name = PushData.swift; path = wheelTracker/Model/PushData.swift; sourceTree = SOURCE_ROOT; };
		46C119D5268C6C9B0065845C /* UserProfile.swift */ = {isa = PBXFileReference; lastKnownFileType = sourcecode.swift; name = UserProfile.swift; path = wheelTracker/Model/UserProfile.swift; sourceTree = SOURCE_ROOT; };
		8F9C3FD9214EEADFBA4A4AEE /* Pods_wheeltracker.framework */ = {isa = PBXFileReference; explicitFileType = wrapper.framework; includeInIndex = 0; path = Pods_wheeltracker.framework; sourceTree = BUILT_PRODUCTS_DIR; };
		9C5312D8A452629ED99042C7 /* Pods-wheeltracker.debug.xcconfig */ = {isa = PBXFileReference; includeInIndex = 1; lastKnownFileType = text.xcconfig; name = "Pods-wheeltracker.debug.xcconfig"; path = "Target Support Files/Pods-wheeltracker/Pods-wheeltracker.debug.xcconfig"; sourceTree = "<group>"; };
		CCA75FC5263BEA7000A5985E /* Record.storyboard */ = {isa = PBXFileReference; lastKnownFileType = file.storyboard; name = Record.storyboard; path = wheeltracker/View/Record.storyboard; sourceTree = SOURCE_ROOT; };
		DD06C63D26714D6C00F9976B /* ZeroingViewController.swift */ = {isa = PBXFileReference; lastKnownFileType = sourcecode.swift; name = ZeroingViewController.swift; path = wheeltracker/Controller/ZeroingViewController.swift; sourceTree = SOURCE_ROOT; };
		DD06C63F267159FA00F9976B /* Event.swift */ = {isa = PBXFileReference; lastKnownFileType = sourcecode.swift; name = Event.swift; path = wheeltracker/API/Event.swift; sourceTree = SOURCE_ROOT; };
		DD4E422C26710CDD00DE797F /* ProfileDataStore.swift */ = {isa = PBXFileReference; lastKnownFileType = sourcecode.swift; name = ProfileDataStore.swift; path = wheeltracker/API/ProfileDataStore.swift; sourceTree = SOURCE_ROOT; };
		DD7F92AE266B7D4A0083CAF7 /* wheeltracker.entitlements */ = {isa = PBXFileReference; lastKnownFileType = text.plist.entitlements; path = wheeltracker.entitlements; sourceTree = "<group>"; };
		DD7F92AF266B7D4A0083CAF7 /* HealthKit.framework */ = {isa = PBXFileReference; lastKnownFileType = wrapper.framework; name = HealthKit.framework; path = System/Library/Frameworks/HealthKit.framework; sourceTree = SDKROOT; };
		DD871A612670CA6D004AD08A /* HealthkitAssistant.swift */ = {isa = PBXFileReference; lastKnownFileType = sourcecode.swift; name = HealthkitAssistant.swift; path = wheeltracker/API/HealthkitAssistant.swift; sourceTree = SOURCE_ROOT; };
/* End PBXFileReference section */

/* Begin PBXFrameworksBuildPhase section */
		46990553263AA85D004BCB77 /* Frameworks */ = {
			isa = PBXFrameworksBuildPhase;
			buildActionMask = 2147483647;
			files = (
				13FFC1D09E7459D92581E363 /* Pods_wheeltracker.framework in Frameworks */,
				DD7F92B0266B7D4A0083CAF7 /* HealthKit.framework in Frameworks */,
			);
			runOnlyForDeploymentPostprocessing = 0;
		};
/* End PBXFrameworksBuildPhase section */

/* Begin PBXGroup section */
		4699054D263AA85D004BCB77 = {
			isa = PBXGroup;
			children = (
				46990558263AA85D004BCB77 /* wheeltracker */,
				46990557263AA85D004BCB77 /* Products */,
				CFB039EDB3BED914C59FA555 /* Pods */,
				DC1DC722339381E804DAC31A /* Frameworks */,
			);
			sourceTree = "<group>";
		};
		46990557263AA85D004BCB77 /* Products */ = {
			isa = PBXGroup;
			children = (
				46990556263AA85D004BCB77 /* wheeltracker.app */,
			);
			name = Products;
			sourceTree = "<group>";
		};
		46990558263AA85D004BCB77 /* wheeltracker */ = {
			isa = PBXGroup;
			children = (
				46C119D0268C6B640065845C /* Extension */,
				46C119CD268C69030065845C /* Helper */,
				46C119CC268C68CA0065845C /* API */,
				46C119CB268C68C50065845C /* Model */,
				46C119CA268C68BE0065845C /* View */,
				46C119C9268C68AE0065845C /* Controller */,
				46990562263AA85D004BCB77 /* Assets.xcassets */,
				46990567263AA85E004BCB77 /* Info.plist */,
			);
			path = wheeltracker;
			sourceTree = "<group>";
		};
		46C119C9268C68AE0065845C /* Controller */ = {
			isa = PBXGroup;
			children = (
				4699055D263AA85D004BCB77 /* ViewController.swift */,
				46990575263BF434004BCB77 /* RecordViewController.swift */,
				46990577263BF441004BCB77 /* SettingViewController.swift */,
				46990579263BF76A004BCB77 /* TabBarController.swift */,
				4631089B2671044400B820ED /* AlbumViewController.swift */,
				DD06C63D26714D6C00F9976B /* ZeroingViewController.swift */,
				4693501026719ED20028E09F /* UserProfileViewController.swift */,
			);
			path = Controller;
			sourceTree = "<group>";
		};
		46C119CA268C68BE0065845C /* View */ = {
			isa = PBXGroup;
			children = (
				4699055F263AA85D004BCB77 /* Main.storyboard */,
				CCA75FC5263BEA7000A5985E /* Record.storyboard */,
				46990564263AA85D004BCB77 /* LaunchScreen.storyboard */,
				46990573263BF295004BCB77 /* Setting.storyboard */,
			);
			path = View;
			sourceTree = "<group>";
		};
		46C119CB268C68C50065845C /* Model */ = {
			isa = PBXGroup;
			children = (
				46C119D3268C6BBB0065845C /* PushData.swift */,
				46C119D5268C6C9B0065845C /* UserProfile.swift */,
			);
			path = Model;
			sourceTree = "<group>";
		};
		46C119CC268C68CA0065845C /* API */ = {
			isa = PBXGroup;
			children = (
				DD7F92AE266B7D4A0083CAF7 /* wheeltracker.entitlements */,
				DD871A612670CA6D004AD08A /* HealthkitAssistant.swift */,
				DD4E422C26710CDD00DE797F /* ProfileDataStore.swift */,
				DD06C63F267159FA00F9976B /* Event.swift */,
			);
			path = API;
			sourceTree = "<group>";
		};
		46C119CD268C69030065845C /* Helper */ = {
			isa = PBXGroup;
			children = (
				46990559263AA85D004BCB77 /* AppDelegate.swift */,
				4699055B263AA85D004BCB77 /* SceneDelegate.swift */,
			);
			path = Helper;
			sourceTree = "<group>";
		};
		46C119D0268C6B640065845C /* Extension */ = {
			isa = PBXGroup;
			children = (
				46C119D1268C6B710065845C /* DateExtension.swift */,
			);
			path = Extension;
			sourceTree = "<group>";
		};
		CFB039EDB3BED914C59FA555 /* Pods */ = {
			isa = PBXGroup;
			children = (
				9C5312D8A452629ED99042C7 /* Pods-wheeltracker.debug.xcconfig */,
				122C7227C709D593C3C6B8A9 /* Pods-wheeltracker.release.xcconfig */,
			);
			path = Pods;
			sourceTree = "<group>";
		};
		DC1DC722339381E804DAC31A /* Frameworks */ = {
			isa = PBXGroup;
			children = (
				DD7F92AF266B7D4A0083CAF7 /* HealthKit.framework */,
				8F9C3FD9214EEADFBA4A4AEE /* Pods_wheeltracker.framework */,
			);
			name = Frameworks;
			sourceTree = "<group>";
		};
/* End PBXGroup section */

/* Begin PBXNativeTarget section */
		46990555263AA85D004BCB77 /* wheeltracker */ = {
			isa = PBXNativeTarget;
			buildConfigurationList = 4699056A263AA85E004BCB77 /* Build configuration list for PBXNativeTarget "wheeltracker" */;
			buildPhases = (
				87E27A5C69FB69435D689516 /* [CP] Check Pods Manifest.lock */,
				46990552263AA85D004BCB77 /* Sources */,
				46990553263AA85D004BCB77 /* Frameworks */,
				46990554263AA85D004BCB77 /* Resources */,
				6320E1ACE12678C0403D5999 /* [CP] Embed Pods Frameworks */,
			);
			buildRules = (
			);
			dependencies = (
			);
			name = wheeltracker;
			productName = wheeltracker;
			productReference = 46990556263AA85D004BCB77 /* wheeltracker.app */;
			productType = "com.apple.product-type.application";
		};
/* End PBXNativeTarget section */

/* Begin PBXProject section */
		4699054E263AA85D004BCB77 /* Project object */ = {
			isa = PBXProject;
			attributes = {
				LastSwiftUpdateCheck = 1250;
				LastUpgradeCheck = 1250;
				TargetAttributes = {
					46990555263AA85D004BCB77 = {
						CreatedOnToolsVersion = 12.5;
					};
				};
			};
			buildConfigurationList = 46990551263AA85D004BCB77 /* Build configuration list for PBXProject "wheelTracker" */;
			compatibilityVersion = "Xcode 9.3";
			developmentRegion = en;
			hasScannedForEncodings = 0;
			knownRegions = (
				en,
				Base,
			);
			mainGroup = 4699054D263AA85D004BCB77;
			productRefGroup = 46990557263AA85D004BCB77 /* Products */;
			projectDirPath = "";
			projectRoot = "";
			targets = (
				46990555263AA85D004BCB77 /* wheeltracker */,
			);
		};
/* End PBXProject section */

/* Begin PBXResourcesBuildPhase section */
		46990554263AA85D004BCB77 /* Resources */ = {
			isa = PBXResourcesBuildPhase;
			buildActionMask = 2147483647;
			files = (
				46990566263AA85D004BCB77 /* LaunchScreen.storyboard in Resources */,
				46990563263AA85D004BCB77 /* Assets.xcassets in Resources */,
				46990574263BF295004BCB77 /* Setting.storyboard in Resources */,
				46990561263AA85D004BCB77 /* Main.storyboard in Resources */,
				CCA75FC6263BEA7100A5985E /* Record.storyboard in Resources */,
			);
			runOnlyForDeploymentPostprocessing = 0;
		};
/* End PBXResourcesBuildPhase section */

/* Begin PBXShellScriptBuildPhase section */
		6320E1ACE12678C0403D5999 /* [CP] Embed Pods Frameworks */ = {
			isa = PBXShellScriptBuildPhase;
			buildActionMask = 2147483647;
			files = (
			);
			inputFileListPaths = (
				"${PODS_ROOT}/Target Support Files/Pods-wheeltracker/Pods-wheeltracker-frameworks-${CONFIGURATION}-input-files.xcfilelist",
			);
			name = "[CP] Embed Pods Frameworks";
			outputFileListPaths = (
				"${PODS_ROOT}/Target Support Files/Pods-wheeltracker/Pods-wheeltracker-frameworks-${CONFIGURATION}-output-files.xcfilelist",
			);
			runOnlyForDeploymentPostprocessing = 0;
			shellPath = /bin/sh;
			shellScript = "\"${PODS_ROOT}/Target Support Files/Pods-wheeltracker/Pods-wheeltracker-frameworks.sh\"\n";
			showEnvVarsInLog = 0;
		};
		87E27A5C69FB69435D689516 /* [CP] Check Pods Manifest.lock */ = {
			isa = PBXShellScriptBuildPhase;
			buildActionMask = 2147483647;
			files = (
			);
			inputFileListPaths = (
			);
			inputPaths = (
				"${PODS_PODFILE_DIR_PATH}/Podfile.lock",
				"${PODS_ROOT}/Manifest.lock",
			);
			name = "[CP] Check Pods Manifest.lock";
			outputFileListPaths = (
			);
			outputPaths = (
				"$(DERIVED_FILE_DIR)/Pods-wheeltracker-checkManifestLockResult.txt",
			);
			runOnlyForDeploymentPostprocessing = 0;
			shellPath = /bin/sh;
			shellScript = "diff \"${PODS_PODFILE_DIR_PATH}/Podfile.lock\" \"${PODS_ROOT}/Manifest.lock\" > /dev/null\nif [ $? != 0 ] ; then\n    # print error to STDERR\n    echo \"error: The sandbox is not in sync with the Podfile.lock. Run 'pod install' or update your CocoaPods installation.\" >&2\n    exit 1\nfi\n# This output is used by Xcode 'outputs' to avoid re-running this script phase.\necho \"SUCCESS\" > \"${SCRIPT_OUTPUT_FILE_0}\"\n";
			showEnvVarsInLog = 0;
		};
/* End PBXShellScriptBuildPhase section */

/* Begin PBXSourcesBuildPhase section */
		46990552263AA85D004BCB77 /* Sources */ = {
			isa = PBXSourcesBuildPhase;
			buildActionMask = 2147483647;
			files = (
				46990578263BF441004BCB77 /* SettingViewController.swift in Sources */,
				46C119D2268C6B710065845C /* DateExtension.swift in Sources */,
				DD4E422D26710CDD00DE797F /* ProfileDataStore.swift in Sources */,
				46C119D4268C6BBB0065845C /* PushData.swift in Sources */,
				DD06C63E26714D6C00F9976B /* ZeroingViewController.swift in Sources */,
				4699055E263AA85D004BCB77 /* ViewController.swift in Sources */,
				DD06C640267159FA00F9976B /* Event.swift in Sources */,
				4699055A263AA85D004BCB77 /* AppDelegate.swift in Sources */,
				4631089C2671044400B820ED /* AlbumViewController.swift in Sources */,
				DD871A622670CA6D004AD08A /* HealthkitAssistant.swift in Sources */,
				4693501126719ED20028E09F /* UserProfileViewController.swift in Sources */,
				46C119D6268C6C9B0065845C /* UserProfile.swift in Sources */,
				4699057A263BF76A004BCB77 /* TabBarController.swift in Sources */,
				4699055C263AA85D004BCB77 /* SceneDelegate.swift in Sources */,
				46990576263BF434004BCB77 /* RecordViewController.swift in Sources */,
			);
			runOnlyForDeploymentPostprocessing = 0;
		};
/* End PBXSourcesBuildPhase section */

/* Begin PBXVariantGroup section */
		4699055F263AA85D004BCB77 /* Main.storyboard */ = {
			isa = PBXVariantGroup;
			children = (
				46990560263AA85D004BCB77 /* Base */,
			);
			name = Main.storyboard;
			sourceTree = "<group>";
		};
		46990564263AA85D004BCB77 /* LaunchScreen.storyboard */ = {
			isa = PBXVariantGroup;
			children = (
				46990565263AA85D004BCB77 /* Base */,
			);
			name = LaunchScreen.storyboard;
			sourceTree = "<group>";
		};
/* End PBXVariantGroup section */

/* Begin XCBuildConfiguration section */
		46990568263AA85E004BCB77 /* Debug */ = {
			isa = XCBuildConfiguration;
			buildSettings = {
				ALWAYS_SEARCH_USER_PATHS = NO;
				CLANG_ANALYZER_NONNULL = YES;
				CLANG_ANALYZER_NUMBER_OBJECT_CONVERSION = YES_AGGRESSIVE;
				CLANG_CXX_LANGUAGE_STANDARD = "gnu++14";
				CLANG_CXX_LIBRARY = "libc++";
				CLANG_ENABLE_MODULES = YES;
				CLANG_ENABLE_OBJC_ARC = YES;
				CLANG_ENABLE_OBJC_WEAK = YES;
				CLANG_WARN_BLOCK_CAPTURE_AUTORELEASING = YES;
				CLANG_WARN_BOOL_CONVERSION = YES;
				CLANG_WARN_COMMA = YES;
				CLANG_WARN_CONSTANT_CONVERSION = YES;
				CLANG_WARN_DEPRECATED_OBJC_IMPLEMENTATIONS = YES;
				CLANG_WARN_DIRECT_OBJC_ISA_USAGE = YES_ERROR;
				CLANG_WARN_DOCUMENTATION_COMMENTS = YES;
				CLANG_WARN_EMPTY_BODY = YES;
				CLANG_WARN_ENUM_CONVERSION = YES;
				CLANG_WARN_INFINITE_RECURSION = YES;
				CLANG_WARN_INT_CONVERSION = YES;
				CLANG_WARN_NON_LITERAL_NULL_CONVERSION = YES;
				CLANG_WARN_OBJC_IMPLICIT_RETAIN_SELF = YES;
				CLANG_WARN_OBJC_LITERAL_CONVERSION = YES;
				CLANG_WARN_OBJC_ROOT_CLASS = YES_ERROR;
				CLANG_WARN_QUOTED_INCLUDE_IN_FRAMEWORK_HEADER = YES;
				CLANG_WARN_RANGE_LOOP_ANALYSIS = YES;
				CLANG_WARN_STRICT_PROTOTYPES = YES;
				CLANG_WARN_SUSPICIOUS_MOVE = YES;
				CLANG_WARN_UNGUARDED_AVAILABILITY = YES_AGGRESSIVE;
				CLANG_WARN_UNREACHABLE_CODE = YES;
				CLANG_WARN__DUPLICATE_METHOD_MATCH = YES;
				COPY_PHASE_STRIP = NO;
				DEBUG_INFORMATION_FORMAT = dwarf;
				ENABLE_STRICT_OBJC_MSGSEND = YES;
				ENABLE_TESTABILITY = YES;
				GCC_C_LANGUAGE_STANDARD = gnu11;
				GCC_DYNAMIC_NO_PIC = NO;
				GCC_NO_COMMON_BLOCKS = YES;
				GCC_OPTIMIZATION_LEVEL = 0;
				GCC_PREPROCESSOR_DEFINITIONS = (
					"DEBUG=1",
					"$(inherited)",
				);
				GCC_WARN_64_TO_32_BIT_CONVERSION = YES;
				GCC_WARN_ABOUT_RETURN_TYPE = YES_ERROR;
				GCC_WARN_UNDECLARED_SELECTOR = YES;
				GCC_WARN_UNINITIALIZED_AUTOS = YES_AGGRESSIVE;
				GCC_WARN_UNUSED_FUNCTION = YES;
				GCC_WARN_UNUSED_VARIABLE = YES;
				IPHONEOS_DEPLOYMENT_TARGET = 14.5;
				MTL_ENABLE_DEBUG_INFO = INCLUDE_SOURCE;
				MTL_FAST_MATH = YES;
				ONLY_ACTIVE_ARCH = YES;
				SDKROOT = iphoneos;
				SWIFT_ACTIVE_COMPILATION_CONDITIONS = DEBUG;
				SWIFT_OPTIMIZATION_LEVEL = "-Onone";
			};
			name = Debug;
		};
		46990569263AA85E004BCB77 /* Release */ = {
			isa = XCBuildConfiguration;
			buildSettings = {
				ALWAYS_SEARCH_USER_PATHS = NO;
				CLANG_ANALYZER_NONNULL = YES;
				CLANG_ANALYZER_NUMBER_OBJECT_CONVERSION = YES_AGGRESSIVE;
				CLANG_CXX_LANGUAGE_STANDARD = "gnu++14";
				CLANG_CXX_LIBRARY = "libc++";
				CLANG_ENABLE_MODULES = YES;
				CLANG_ENABLE_OBJC_ARC = YES;
				CLANG_ENABLE_OBJC_WEAK = YES;
				CLANG_WARN_BLOCK_CAPTURE_AUTORELEASING = YES;
				CLANG_WARN_BOOL_CONVERSION = YES;
				CLANG_WARN_COMMA = YES;
				CLANG_WARN_CONSTANT_CONVERSION = YES;
				CLANG_WARN_DEPRECATED_OBJC_IMPLEMENTATIONS = YES;
				CLANG_WARN_DIRECT_OBJC_ISA_USAGE = YES_ERROR;
				CLANG_WARN_DOCUMENTATION_COMMENTS = YES;
				CLANG_WARN_EMPTY_BODY = YES;
				CLANG_WARN_ENUM_CONVERSION = YES;
				CLANG_WARN_INFINITE_RECURSION = YES;
				CLANG_WARN_INT_CONVERSION = YES;
				CLANG_WARN_NON_LITERAL_NULL_CONVERSION = YES;
				CLANG_WARN_OBJC_IMPLICIT_RETAIN_SELF = YES;
				CLANG_WARN_OBJC_LITERAL_CONVERSION = YES;
				CLANG_WARN_OBJC_ROOT_CLASS = YES_ERROR;
				CLANG_WARN_QUOTED_INCLUDE_IN_FRAMEWORK_HEADER = YES;
				CLANG_WARN_RANGE_LOOP_ANALYSIS = YES;
				CLANG_WARN_STRICT_PROTOTYPES = YES;
				CLANG_WARN_SUSPICIOUS_MOVE = YES;
				CLANG_WARN_UNGUARDED_AVAILABILITY = YES_AGGRESSIVE;
				CLANG_WARN_UNREACHABLE_CODE = YES;
				CLANG_WARN__DUPLICATE_METHOD_MATCH = YES;
				COPY_PHASE_STRIP = NO;
				DEBUG_INFORMATION_FORMAT = "dwarf-with-dsym";
				ENABLE_NS_ASSERTIONS = NO;
				ENABLE_STRICT_OBJC_MSGSEND = YES;
				GCC_C_LANGUAGE_STANDARD = gnu11;
				GCC_NO_COMMON_BLOCKS = YES;
				GCC_WARN_64_TO_32_BIT_CONVERSION = YES;
				GCC_WARN_ABOUT_RETURN_TYPE = YES_ERROR;
				GCC_WARN_UNDECLARED_SELECTOR = YES;
				GCC_WARN_UNINITIALIZED_AUTOS = YES_AGGRESSIVE;
				GCC_WARN_UNUSED_FUNCTION = YES;
				GCC_WARN_UNUSED_VARIABLE = YES;
				IPHONEOS_DEPLOYMENT_TARGET = 14.5;
				MTL_ENABLE_DEBUG_INFO = NO;
				MTL_FAST_MATH = YES;
				SDKROOT = iphoneos;
				SWIFT_COMPILATION_MODE = wholemodule;
				SWIFT_OPTIMIZATION_LEVEL = "-O";
				VALIDATE_PRODUCT = YES;
			};
			name = Release;
		};
		4699056B263AA85E004BCB77 /* Debug */ = {
			isa = XCBuildConfiguration;
			baseConfigurationReference = 9C5312D8A452629ED99042C7 /* Pods-wheeltracker.debug.xcconfig */;
			buildSettings = {
				ASSETCATALOG_COMPILER_APPICON_NAME = AppIcon;
				ASSETCATALOG_COMPILER_GLOBAL_ACCENT_COLOR_NAME = AccentColor;
				CODE_SIGN_ENTITLEMENTS = wheeltracker/wheeltracker.entitlements;
				CODE_SIGN_STYLE = Automatic;
				DEVELOPMENT_TEAM = 4QG3GC35LA;
				INFOPLIST_FILE = wheeltracker/Info.plist;
				IPHONEOS_DEPLOYMENT_TARGET = 14.4;
				LD_RUNPATH_SEARCH_PATHS = (
					"$(inherited)",
					"@executable_path/Frameworks",
				);
				PRODUCT_BUNDLE_IDENTIFIER = com.lingostar.WT;
				PRODUCT_NAME = "$(TARGET_NAME)";
				SWIFT_VERSION = 5.0;
				TARGETED_DEVICE_FAMILY = "1,2";
			};
			name = Debug;
		};
		4699056C263AA85E004BCB77 /* Release */ = {
			isa = XCBuildConfiguration;
			baseConfigurationReference = 122C7227C709D593C3C6B8A9 /* Pods-wheeltracker.release.xcconfig */;
			buildSettings = {
				ASSETCATALOG_COMPILER_APPICON_NAME = AppIcon;
				ASSETCATALOG_COMPILER_GLOBAL_ACCENT_COLOR_NAME = AccentColor;
				CODE_SIGN_ENTITLEMENTS = wheeltracker/wheeltracker.entitlements;
				CODE_SIGN_STYLE = Automatic;
				DEVELOPMENT_TEAM = 4QG3GC35LA;
				INFOPLIST_FILE = wheeltracker/Info.plist;
				IPHONEOS_DEPLOYMENT_TARGET = 14.4;
				LD_RUNPATH_SEARCH_PATHS = (
					"$(inherited)",
					"@executable_path/Frameworks",
				);
				PRODUCT_BUNDLE_IDENTIFIER = com.lingostar.WT;
				PRODUCT_NAME = "$(TARGET_NAME)";
				SWIFT_VERSION = 5.0;
				TARGETED_DEVICE_FAMILY = "1,2";
			};
			name = Release;
		};
/* End XCBuildConfiguration section */

/* Begin XCConfigurationList section */
		46990551263AA85D004BCB77 /* Build configuration list for PBXProject "wheelTracker" */ = {
			isa = XCConfigurationList;
			buildConfigurations = (
				46990568263AA85E004BCB77 /* Debug */,
				46990569263AA85E004BCB77 /* Release */,
			);
			defaultConfigurationIsVisible = 0;
			defaultConfigurationName = Release;
		};
		4699056A263AA85E004BCB77 /* Build configuration list for PBXNativeTarget "wheeltracker" */ = {
			isa = XCConfigurationList;
			buildConfigurations = (
				4699056B263AA85E004BCB77 /* Debug */,
				4699056C263AA85E004BCB77 /* Release */,
			);
			defaultConfigurationIsVisible = 0;
			defaultConfigurationName = Release;
		};
/* End XCConfigurationList section */
	};
	rootObject = 4699054E263AA85D004BCB77 /* Project object */;
}
